lockfileVersion: '9.0'

settings:
  autoInstallPeers: true
  excludeLinksFromLockfile: false

importers:

  .:
    dependencies:
      '@webgpu/types':
        specifier: ^0.1.65
        version: 0.1.66

packages:

  '@webgpu/types@0.1.66':
    resolution: {integrity: sha512-YA2hLrwLpDsRueNDXIMqN9NTzD6bCDkuXbOSe0heS+f8YE8usA6Gbv1prj81pzVHrbaAma7zObnIC+I6/sXJgA==}

snapshots:

  '@webgpu/types@0.1.66': {}
